
Microsoft Visual Studio Solution File, Format Version 12.00
# Visual Studio Version 17
VisualStudioVersion = 17.14.36401.2 d17.14
MinimumVisualStudioVersion = 10.0.40219.1
Project("{FAE04EC0-301F-11D3-BF4B-00C04F79EFBC}") = "FortuneTeller", "FortuneTeller.csproj", "{0E8E03DD-AC8D-430A-8F48-5C796EEEF010}"
EndProject
Global
	GlobalSection(SolutionConfigurationPlatforms) = preSolution
		Debug|Any CPU = Debug|Any CPU
		Release|Any CPU = Release|Any CPU
	EndGlobalSection
	GlobalSection(ProjectConfigurationPlatforms) = postSolution
		{0E8E03DD-AC8D-430A-8F48-5C796EEEF010}.Debug|Any CPU.ActiveCfg = Debug|Any CPU
		{0E8E03DD-AC8D-430A-8F48-5C796EEEF010}.Debug|Any CPU.Build.0 = Debug|Any CPU
		{0E8E03DD-AC8D-430A-8F48-5C796EEEF010}.Release|Any CPU.ActiveCfg = Release|Any CPU
		{0E8E03DD-AC8D-430A-8F48-5C796EEEF010}.Release|Any CPU.Build.0 = Release|Any CPU
	EndGlobalSection
	GlobalSection(SolutionProperties) = preSolution
		HideSolutionNode = FALSE
	EndGlobalSection
	GlobalSection(ExtensibilityGlobals) = postSolution
		SolutionGuid = {C76DC9EA-7A75-473F-A5A5-238871B9A437}
	EndGlobalSection
EndGlobal
